// !$*UTF8*$!
{
	archiveVersion = 1;
	classes = {
	};
	objectVersion = 50;
	objects = {

/* Begin PBXBuildFile section */
		4DED50D022B4A80300B5DAD8 /* AppDelegate.swift in Sources */ = {isa = PBXBuildFile; fileRef = 4DED50CF22B4A80300B5DAD8 /* AppDelegate.swift */; };
		4DED50D222B4A80300B5DAD8 /* SceneDelegate.swift in Sources */ = {isa = PBXBuildFile; fileRef = 4DED50D122B4A80300B5DAD8 /* SceneDelegate.swift */; };
		4DED50D422B4A80300B5DAD8 /* ContentView.swift in Sources */ = {isa = PBXBuildFile; fileRef = 4DED50D322B4A80300B5DAD8 /* ContentView.swift */; };
		4DED50D622B4A80500B5DAD8 /* Assets.xcassets in Resources */ = {isa = PBXBuildFile; fileRef = 4DED50D522B4A80500B5DAD8 /* Assets.xcassets */; };
		4DED50D922B4A80500B5DAD8 /* Preview Assets.xcassets in Resources */ = {isa = PBXBuildFile; fileRef = 4DED50D822B4A80500B5DAD8 /* Preview Assets.xcassets */; };
		4DED50DC22B4A80500B5DAD8 /* LaunchScreen.storyboard in Resources */ = {isa = PBXBuildFile; fileRef = 4DED50DA22B4A80500B5DAD8 /* LaunchScreen.storyboard */; };
/* End PBXBuildFile section */

/* Begin PBXFileReference section */
		4DED50CC22B4A80300B5DAD8 /* AppStore-SwiftUI.app */ = {isa = PBXFileReference; explicitFileType = wrapper.application; includeInIndex = 0; path = "AppStore-SwiftUI.app"; sourceTree = BUILT_PRODUCTS_DIR; };
		4DED50CF22B4A80300B5DAD8 /* AppDelegate.swift */ = {isa = PBXFileReference; lastKnownFileType = sourcecode.swift; path = AppDelegate.swift; sourceTree = "<group>"; };
		4DED50D122B4A80300B5DAD8 /* SceneDelegate.swift */ = {isa = PBXFileReference; lastKnownFileType = sourcecode.swift; path = SceneDelegate.swift; sourceTree = "<group>"; };
		4DED50D322B4A80300B5DAD8 /* ContentView.swift */ = {isa = PBXFileReference; lastKnownFileType = sourcecode.swift; path = ContentView.swift; sourceTree = "<group>"; };
		4DED50D522B4A80500B5DAD8 /* Assets.xcassets */ = {isa = PBXFileReference; lastKnownFileType = folder.assetcatalog; path = Assets.xcassets; sourceTree = "<group>"; };
		4DED50D822B4A80500B5DAD8 /* Preview Assets.xcassets */ = {isa = PBXFileReference; lastKnownFileType = folder.assetcatalog; path = "Preview Assets.xcassets"; sourceTree = "<group>"; };
		4DED50DB22B4A80500B5DAD8 /* Base */ = {isa = PBXFileReference; lastKnownFileType = file.storyboard; name = Base; path = Base.lproj/LaunchScreen.storyboard; sourceTree = "<group>"; };
		4DED50DD22B4A80500B5DAD8 /* Info.plist */ = {isa = PBXFileReference; lastKnownFileType = text.plist.xml; path = Info.plist; sourceTree = "<group>"; };
/* End PBXFileReference section */

/* Begin PBXFrameworksBuildPhase section */
		4DED50C922B4A80300B5DAD8 /* Frameworks */ = {
			isa = PBXFrameworksBuildPhase;
			buildActionMask = 2147483647;
			files = (
			);
			runOnlyForDeploymentPostprocessing = 0;
		};
/* End PBXFrameworksBuildPhase section */

/* Begin PBXGroup section */
		4DED50C322B4A80300B5DAD8 = {
			isa = PBXGroup;
			children = (
				4DED50CE22B4A80300B5DAD8 /* AppStore-SwiftUI */,
				4DED50CD22B4A80300B5DAD8 /* Products */,
			);
			sourceTree = "<group>";
		};
		4DED50CD22B4A80300B5DAD8 /* Products */ = {
			isa = PBXGroup;
			children = (
				4DED50CC22B4A80300B5DAD8 /* AppStore-SwiftUI.app */,
			);
			name = Products;
			sourceTree = "<group>";
		};
		4DED50CE22B4A80300B5DAD8 /* AppStore-SwiftUI */ = {
			isa = PBXGroup;
			children = (
				4DED50CF22B4A80300B5DAD8 /* AppDelegate.swift */,
				4DED50D122B4A80300B5DAD8 /* SceneDelegate.swift */,
				4DED50D322B4A80300B5DAD8 /* ContentView.swift */,
				4DED50D522B4A80500B5DAD8 /* Assets.xcassets */,
				4DED50DA22B4A80500B5DAD8 /* LaunchScreen.storyboard */,
				4DED50DD22B4A80500B5DAD8 /* Info.plist */,
				4DED50D722B4A80500B5DAD8 /* Preview Content */,
			);
			path = "AppStore-SwiftUI";
			sourceTree = "<group>";
		};
		4DED50D722B4A80500B5DAD8 /* Preview Content */ = {
			isa = PBXGroup;
			children = (
				4DED50D822B4A80500B5DAD8 /* Preview Assets.xcassets */,
			);
			path = "Preview Content";
			sourceTree = "<group>";
		};
/* End PBXGroup section */

/* Begin PBXNativeTarget section */
		4DED50CB22B4A80300B5DAD8 /* AppStore-SwiftUI */ = {
			isa = PBXNativeTarget;
			buildConfigurationList = 4DED50E022B4A80500B5DAD8 /* Build configuration list for PBXNativeTarget "AppStore-SwiftUI" */;
			buildPhases = (
				4DED50C822B4A80300B5DAD8 /* Sources */,
				4DED50C922B4A80300B5DAD8 /* Frameworks */,
				4DED50CA22B4A80300B5DAD8 /* Resources */,
			);
			buildRules = (
			);
			dependencies = (
			);
			name = "AppStore-SwiftUI";
			productName = "AppStore-SwiftUI";
			productReference = 4DED50CC22B4A80300B5DAD8 /* AppStore-SwiftUI.app */;
			productType = "com.apple.product-type.application";
		};
/* End PBXNativeTarget section */

/* Begin PBXProject section */
		4DED50C422B4A80300B5DAD8 /* Project object */ = {
			isa = PBXProject;
			attributes = {
				LastSwiftUpdateCheck = 1100;
				LastUpgradeCheck = 1100;
				ORGANIZATIONNAME = laohanme;
				TargetAttributes = {
					4DED50CB22B4A80300B5DAD8 = {
						CreatedOnToolsVersion = 11.0;
					};
				};
			};
			buildConfigurationList = 4DED50C722B4A80300B5DAD8 /* Build configuration list for PBXProject "AppStore-SwiftUI" */;
			compatibilityVersion = "Xcode 9.3";
			developmentRegion = en;
			hasScannedForEncodings = 0;
			knownRegions = (
				en,
				Base,
			);
			mainGroup = 4DED50C322B4A80300B5DAD8;
			productRefGroup = 4DED50CD22B4A80300B5DAD8 /* Products */;
			projectDirPath = "";
			projectRoot = "";
			targets = (
				4DED50CB22B4A80300B5DAD8 /* AppStore-SwiftUI */,
			);
		};
/* End PBXProject section */

/* Begin PBXResourcesBuildPhase section */
		4DED50CA22B4A80300B5DAD8 /* Resources */ = {
			isa = PBXResourcesBuildPhase;
			buildActionMask = 2147483647;
			files = (
				4DED50DC22B4A80500B5DAD8 /* LaunchScreen.storyboard in Resources */,
				4DED50D922B4A80500B5DAD8 /* Preview Assets.xcassets in Resources */,
				4DED50D622B4A80500B5DAD8 /* Assets.xcassets in Resources */,
			);
			runOnlyForDeploymentPostprocessing = 0;
		};
/* End PBXResourcesBuildPhase section */

/* Begin PBXSourcesBuildPhase section */
		4DED50C822B4A80300B5DAD8 /* Sources */ = {
			isa = PBXSourcesBuildPhase;
			buildActionMask = 2147483647;
			files = (
				4DED50D022B4A80300B5DAD8 /* AppDelegate.swift in Sources */,
				4DED50D222B4A80300B5DAD8 /* SceneDelegate.swift in Sources */,
				4DED50D422B4A80300B5DAD8 /* ContentView.swift in Sources */,
			);
			runOnlyForDeploymentPostprocessing = 0;
		};
/* End PBXSourcesBuildPhase section */

/* Begin PBXVariantGroup section */
		4DED50DA22B4A80500B5DAD8 /* LaunchScreen.storyboard */ = {
			isa = PBXVariantGroup;
			children = (
				4DED50DB22B4A80500B5DAD8 /* Base */,
			);
			name = LaunchScreen.storyboard;
			sourceTree = "<group>";
		};
/* End PBXVariantGroup section */

/* Begin XCBuildConfiguration section */
		4DED50DE22B4A80500B5DAD8 /* Debug */ = {
			isa = XCBuildConfiguration;
			buildSettings = {
				ALWAYS_SEARCH_USER_PATHS = NO;
				CLANG_ANALYZER_NONNULL = YES;
				CLANG_ANALYZER_NUMBER_OBJECT_CONVERSION = YES_AGGRESSIVE;
				CLANG_CXX_LANGUAGE_STANDARD = "gnu++14";
				CLANG_CXX_LIBRARY = "libc++";
				CLANG_ENABLE_MODULES = YES;
				CLANG_ENABLE_OBJC_ARC = YES;
				CLANG_ENABLE_OBJC_WEAK = YES;
				CLANG_WARN_BLOCK_CAPTURE_AUTORELEASING = YES;
				CLANG_WARN_BOOL_CONVERSION = YES;
				CLANG_WARN_COMMA = YES;
				CLANG_WARN_CONSTANT_CONVERSION = YES;
				CLANG_WARN_DEPRECATED_OBJC_IMPLEMENTATIONS = YES;
				CLANG_WARN_DIRECT_OBJC_ISA_USAGE = YES_ERROR;
				CLANG_WARN_DOCUMENTATION_COMMENTS = YES;
				CLANG_WARN_EMPTY_BODY = YES;
				CLANG_WARN_ENUM_CONVERSION = YES;
				CLANG_WARN_INFINITE_RECURSION = YES;
				CLANG_WARN_INT_CONVERSION = YES;
				CLANG_WARN_NON_LITERAL_NULL_CONVERSION = YES;
				CLANG_WARN_OBJC_IMPLICIT_RETAIN_SELF = YES;
				CLANG_WARN_OBJC_LITERAL_CONVERSION = YES;
				CLANG_WARN_OBJC_ROOT_CLASS = YES_ERROR;
				CLANG_WARN_RANGE_LOOP_ANALYSIS = YES;
				CLANG_WARN_STRICT_PROTOTYPES = YES;
				CLANG_WARN_SUSPICIOUS_MOVE = YES;
				CLANG_WARN_UNGUARDED_AVAILABILITY = YES_AGGRESSIVE;
				CLANG_WARN_UNREACHABLE_CODE = YES;
				CLANG_WARN__DUPLICATE_METHOD_MATCH = YES;
				COPY_PHASE_STRIP = NO;
				DEBUG_INFORMATION_FORMAT = dwarf;
				ENABLE_STRICT_OBJC_MSGSEND = YES;
				ENABLE_TESTABILITY = YES;
				GCC_C_LANGUAGE_STANDARD = gnu11;
				GCC_DYNAMIC_NO_PIC = NO;
				GCC_NO_COMMON_BLOCKS = YES;
				GCC_OPTIMIZATION_LEVEL = 0;
				GCC_PREPROCESSOR_DEFINITIONS = (
					"DEBUG=1",
					"$(inherited)",
				);
				GCC_WARN_64_TO_32_BIT_CONVERSION = YES;
				GCC_WARN_ABOUT_RETURN_TYPE = YES_ERROR;
				GCC_WARN_UNDECLARED_SELECTOR = YES;
				GCC_WARN_UNINITIALIZED_AUTOS = YES_AGGRESSIVE;
				GCC_WARN_UNUSED_FUNCTION = YES;
				GCC_WARN_UNUSED_VARIABLE = YES;
				IPHONEOS_DEPLOYMENT_TARGET = 13.0;
				MTL_ENABLE_DEBUG_INFO = INCLUDE_SOURCE;
				MTL_FAST_MATH = YES;
				ONLY_ACTIVE_ARCH = YES;
				SDKROOT = iphoneos;
				SWIFT_ACTIVE_COMPILATION_CONDITIONS = DEBUG;
				SWIFT_OPTIMIZATION_LEVEL = "-Onone";
			};
			name = Debug;
		};
		4DED50DF22B4A80500B5DAD8 /* Release */ = {
			isa = XCBuildConfiguration;
			buildSettings = {
				ALWAYS_SEARCH_USER_PATHS = NO;
				CLANG_ANALYZER_NONNULL = YES;
				CLANG_ANALYZER_NUMBER_OBJECT_CONVERSION = YES_AGGRESSIVE;
				CLANG_CXX_LANGUAGE_STANDARD = "gnu++14";
				CLANG_CXX_LIBRARY = "libc++";
				CLANG_ENABLE_MODULES = YES;
				CLANG_ENABLE_OBJC_ARC = YES;
				CLANG_ENABLE_OBJC_WEAK = YES;
				CLANG_WARN_BLOCK_CAPTURE_AUTORELEASING = YES;
				CLANG_WARN_BOOL_CONVERSION = YES;
				CLANG_WARN_COMMA = YES;
				CLANG_WARN_CONSTANT_CONVERSION = YES;
				CLANG_WARN_DEPRECATED_OBJC_IMPLEMENTATIONS = YES;
				CLANG_WARN_DIRECT_OBJC_ISA_USAGE = YES_ERROR;
				CLANG_WARN_DOCUMENTATION_COMMENTS = YES;
				CLANG_WARN_EMPTY_BODY = YES;
				CLANG_WARN_ENUM_CONVERSION = YES;
				CLANG_WARN_INFINITE_RECURSION = YES;
				CLANG_WARN_INT_CONVERSION = YES;
				CLANG_WARN_NON_LITERAL_NULL_CONVERSION = YES;
				CLANG_WARN_OBJC_IMPLICIT_RETAIN_SELF = YES;
				CLANG_WARN_OBJC_LITERAL_CONVERSION = YES;
				CLANG_WARN_OBJC_ROOT_CLASS = YES_ERROR;
				CLANG_WARN_RANGE_LOOP_ANALYSIS = YES;
				CLANG_WARN_STRICT_PROTOTYPES = YES;
				CLANG_WARN_SUSPICIOUS_MOVE = YES;
				CLANG_WARN_UNGUARDED_AVAILABILITY = YES_AGGRESSIVE;
				CLANG_WARN_UNREACHABLE_CODE = YES;
				CLANG_WARN__DUPLICATE_METHOD_MATCH = YES;
				COPY_PHASE_STRIP = NO;
				DEBUG_INFORMATION_FORMAT = "dwarf-with-dsym";
				ENABLE_NS_ASSERTIONS = NO;
				ENABLE_STRICT_OBJC_MSGSEND = YES;
				GCC_C_LANGUAGE_STANDARD = gnu11;
				GCC_NO_COMMON_BLOCKS = YES;
				GCC_WARN_64_TO_32_BIT_CONVERSION = YES;
				GCC_WARN_ABOUT_RETURN_TYPE = YES_ERROR;
				GCC_WARN_UNDECLARED_SELECTOR = YES;
				GCC_WARN_UNINITIALIZED_AUTOS = YES_AGGRESSIVE;
				GCC_WARN_UNUSED_FUNCTION = YES;
				GCC_WARN_UNUSED_VARIABLE = YES;
				IPHONEOS_DEPLOYMENT_TARGET = 13.0;
				MTL_ENABLE_DEBUG_INFO = NO;
				MTL_FAST_MATH = YES;
				SDKROOT = iphoneos;
				SWIFT_COMPILATION_MODE = wholemodule;
				SWIFT_OPTIMIZATION_LEVEL = "-O";
				VALIDATE_PRODUCT = YES;
			};
			name = Release;
		};
		4DED50E122B4A80500B5DAD8 /* Debug */ = {
			isa = XCBuildConfiguration;
			buildSettings = {
				ASSETCATALOG_COMPILER_APPICON_NAME = AppIcon;
				CODE_SIGN_STYLE = Automatic;
				DEVELOPMENT_ASSET_PATHS = "AppStore-SwiftUI/Preview\\ Content";
				ENABLE_PREVIEWS = YES;
				INFOPLIST_FILE = "AppStore-SwiftUI/Info.plist";
				LD_RUNPATH_SEARCH_PATHS = (
					"$(inherited)",
					"@executable_path/Frameworks",
				);
				PRODUCT_BUNDLE_IDENTIFIER = "com.laohanme.AppStore-SwiftUI";
				PRODUCT_NAME = "$(TARGET_NAME)";
				SWIFT_VERSION = 5.0;
				TARGETED_DEVICE_FAMILY = "1,2";
			};
			name = Debug;
		};
		4DED50E222B4A80500B5DAD8 /* Release */ = {
			isa = XCBuildConfiguration;
			buildSettings = {
				ASSETCATALOG_COMPILER_APPICON_NAME = AppIcon;
				CODE_SIGN_STYLE = Automatic;
				DEVELOPMENT_ASSET_PATHS = "AppStore-SwiftUI/Preview\\ Content";
				ENABLE_PREVIEWS = YES;
				INFOPLIST_FILE = "AppStore-SwiftUI/Info.plist";
				LD_RUNPATH_SEARCH_PATHS = (
					"$(inherited)",
					"@executable_path/Frameworks",
				);
				PRODUCT_BUNDLE_IDENTIFIER = "com.laohanme.AppStore-SwiftUI";
				PRODUCT_NAME = "$(TARGET_NAME)";
				SWIFT_VERSION = 5.0;
				TARGETED_DEVICE_FAMILY = "1,2";
			};
			name = Release;
		};
/* End XCBuildConfiguration section */

/* Begin XCConfigurationList section */
		4DED50C722B4A80300B5DAD8 /* Build configuration list for PBXProject "AppStore-SwiftUI" */ = {
			isa = XCConfigurationList;
			buildConfigurations = (
				4DED50DE22B4A80500B5DAD8 /* Debug */,
				4DED50DF22B4A80500B5DAD8 /* Release */,
			);
			defaultConfigurationIsVisible = 0;
			defaultConfigurationName = Release;
		};
		4DED50E022B4A80500B5DAD8 /* Build configuration list for PBXNativeTarget "AppStore-SwiftUI" */ = {
			isa = XCConfigurationList;
			buildConfigurations = (
				4DED50E122B4A80500B5DAD8 /* Debug */,
				4DED50E222B4A80500B5DAD8 /* Release */,
			);
			defaultConfigurationIsVisible = 0;
			defaultConfigurationName = Release;
		};
/* End XCConfigurationList section */
	};
	rootObject = 4DED50C422B4A80300B5DAD8 /* Project object */;
}
